
Microsoft Visual Studio Solution File, Format Version 12.00
# Visual Studio Version 17
VisualStudioVersion = 17.5.33530.505
MinimumVisualStudioVersion = 10.0.40219.1
Project("{FAE04EC0-301F-11D3-BF4B-00C04F79EFBC}") = "AuthSystem", "AuthSystem\AuthSystem.csproj", "{3AC988FC-3F87-4D8A-A6CD-3854B3518427}"
EndProject
Global
	GlobalSection(SolutionConfigurationPlatforms) = preSolution
		Debug|Any CPU = Debug|Any CPU
		Release|Any CPU = Release|Any CPU
	EndGlobalSection
	GlobalSection(ProjectConfigurationPlatforms) = postSolution
		{3AC988FC-3F87-4D8A-A6CD-3854B3518427}.Debug|Any CPU.ActiveCfg = Debug|Any CPU
		{3AC988FC-3F87-4D8A-A6CD-3854B3518427}.Debug|Any CPU.Build.0 = Debug|Any CPU
		{3AC988FC-3F87-4D8A-A6CD-3854B3518427}.Release|Any CPU.ActiveCfg = Release|Any CPU
		{3AC988FC-3F87-4D8A-A6CD-3854B3518427}.Release|Any CPU.Build.0 = Release|Any CPU
	EndGlobalSection
	GlobalSection(SolutionProperties) = preSolution
		HideSolutionNode = FALSE
	EndGlobalSection
	GlobalSection(ExtensibilityGlobals) = postSolution
		SolutionGuid = {59B69A7A-7D0B-4721-AEA2-CBD6E5BD7776}
	EndGlobalSection
EndGlobal
