
Microsoft Visual Studio Solution File, Format Version 12.00
# Visual Studio Version 17
VisualStudioVersion = 17.5.33530.505
MinimumVisualStudioVersion = 10.0.40219.1
Project("{FAE04EC0-301F-11D3-BF4B-00C04F79EFBC}") = "AuthSystem", "AuthSystem\AuthSystem.csproj", "{4641AD9F-FCC9-401B-9111-77EDA553FDE1}"
EndProject
Project("{2150E333-8FDC-42A3-9474-1A3956D46DE8}") = "Solution Items", "Solution Items", "{570FAC75-9A2C-439F-A912-91144C70A941}"
	ProjectSection(SolutionItems) = preProject
		.editorconfig = .editorconfig
	EndProjectSection
EndProject
Global
	GlobalSection(SolutionConfigurationPlatforms) = preSolution
		Debug|Any CPU = Debug|Any CPU
		Release|Any CPU = Release|Any CPU
	EndGlobalSection
	GlobalSection(ProjectConfigurationPlatforms) = postSolution
		{4641AD9F-FCC9-401B-9111-77EDA553FDE1}.Debug|Any CPU.ActiveCfg = Debug|Any CPU
		{4641AD9F-FCC9-401B-9111-77EDA553FDE1}.Debug|Any CPU.Build.0 = Debug|Any CPU
		{4641AD9F-FCC9-401B-9111-77EDA553FDE1}.Release|Any CPU.ActiveCfg = Release|Any CPU
		{4641AD9F-FCC9-401B-9111-77EDA553FDE1}.Release|Any CPU.Build.0 = Release|Any CPU
	EndGlobalSection
	GlobalSection(SolutionProperties) = preSolution
		HideSolutionNode = FALSE
	EndGlobalSection
	GlobalSection(ExtensibilityGlobals) = postSolution
		SolutionGuid = {8A84A012-0765-4FB9-A7AC-7EBF5A041B6C}
	EndGlobalSection
EndGlobal
